
Microsoft Visual Studio Solution File, Format Version 12.00
# Visual Studio Version 17
VisualStudioVersion = 17.4.33103.184
MinimumVisualStudioVersion = 10.0.40219.1
Project("{FAE04EC0-301F-11D3-BF4B-00C04F79EFBC}") = "文字列置換ツール", "文字列置換ツール\文字列置換ツール.csproj", "{0B8249F0-669C-46FF-AE0A-15FF43224116}"
EndProject
Global
	GlobalSection(SolutionConfigurationPlatforms) = preSolution
		Debug|Any CPU = Debug|Any CPU
		Release|Any CPU = Release|Any CPU
	EndGlobalSection
	GlobalSection(ProjectConfigurationPlatforms) = postSolution
		{0B8249F0-669C-46FF-AE0A-15FF43224116}.Debug|Any CPU.ActiveCfg = Debug|Any CPU
		{0B8249F0-669C-46FF-AE0A-15FF43224116}.Debug|Any CPU.Build.0 = Debug|Any CPU
		{0B8249F0-669C-46FF-AE0A-15FF43224116}.Release|Any CPU.ActiveCfg = Release|Any CPU
		{0B8249F0-669C-46FF-AE0A-15FF43224116}.Release|Any CPU.Build.0 = Release|Any CPU
	EndGlobalSection
	GlobalSection(SolutionProperties) = preSolution
		HideSolutionNode = FALSE
	EndGlobalSection
	GlobalSection(ExtensibilityGlobals) = postSolution
		SolutionGuid = {5FBA4E7E-FF80-4548-A769-98B4EC5A5A23}
	EndGlobalSection
EndGlobal
